lockfileVersion: '9.0'

settings:
  autoInstallPeers: true
  excludeLinksFromLockfile: false

importers:

  .:
    devDependencies:
      '@electric-sql/pglite':
        specifier: ^0.5.3
        version: 0.5.3

packages:

  '@electric-sql/pglite@0.5.3':
    resolution: {integrity: sha512-iTTYbA5Uesrl+N7zss0J5LopT7KE4j9aymYo+EZZh+rZbARQCUQOs+n2pay64JRUpc3fCkpfrniTNJnvYzOE+g==}

snapshots:

  '@electric-sql/pglite@0.5.3': {}
